
Microsoft Visual Studio Solution File, Format Version 12.00
# Visual Studio 2017
Project("{FAE04EC0-301F-11D3-BF4B-00C04F79EFBC}") = "Dual-Duel Jam", "Dual-Duel Jam.csproj", "{9CB826E9-6C63-3144-DB73-4B634B3ACABF}"
EndProject
Global
	GlobalSection(SolutionConfigurationPlatforms) = preSolution
		Debug|Any CPU = Debug|Any CPU
		Release|Any CPU = Release|Any CPU
	EndGlobalSection
	GlobalSection(ProjectConfigurationPlatforms) = postSolution
		{9CB826E9-6C63-3144-DB73-4B634B3ACABF}.Debug|Any CPU.ActiveCfg = Debug|Any CPU
		{9CB826E9-6C63-3144-DB73-4B634B3ACABF}.Debug|Any CPU.Build.0 = Debug|Any CPU
		{9CB826E9-6C63-3144-DB73-4B634B3ACABF}.Release|Any CPU.ActiveCfg = Release|Any CPU
		{9CB826E9-6C63-3144-DB73-4B634B3ACABF}.Release|Any CPU.Build.0 = Release|Any CPU
	EndGlobalSection
	GlobalSection(SolutionProperties) = preSolution
		HideSolutionNode = FALSE
	EndGlobalSection
EndGlobal
